[9:39 PM, 9/15/2023] محمود كمال: مديرية التربيه والتعليم هتكون الادراه مدخلاها مسبقا  ؟ نعم عندما يتم اضافة مدرسة في لوحة تحكم يكون يوجد حقل باسم اسم مديرية التربية والتعليم
[9:39 PM, 9/15/2023] محمود كمال: البقات هل بيتم اختيارها فى التسجيل ولا بعد التسجيل ؟ نعم بعد التسجيل وانتهاء الفترة المجانية
[9:39 PM, 9/15/2023] محمود كمال: امتحان تشخيصي عن طريق المعلم مفتوح الوقت وعدد غير محدود لكل الصفوف : يعني مدرس عربي يستطيع انشاء امتحان تشخيصي عبارة عن ضع الدائرة لجميع صفوف العربي بعدد غير محدود
[9:39 PM, 9/15/2023] محمود كمال: يكون في لوحة الادارة
[9:39 PM, 9/15/2023] محمود كمال: خيار يستطع الادمين تفعيل امتحان الورقي للمعلم
[9:39 PM, 9/15/2023] محمود كمال: الفصل الاول 
امتحان الشهر الأول
امتحان الشهر الثاني
الشهر الثالث
امتحان النهائي

الفصل الثاني
امتحان الشهر الأول
امتحان الشهر الثاني
الشهر الثالث
امتحان النهائي
[9:39 PM, 9/15/2023] محمود كمال: يعني بحط صح على الشهر الثالث للفصل الاول هيك بكون امتحان فاعل للمعلم
[9:39 PM, 9/15/2023] محمود كمال: لما الطالب بسجل عضوية في موقع بختار الصف والشعبة مثل الصف الثالث  والشبعة أ
[9:39 PM, 9/15/2023] محمود كمال: يتم اضافة الصف والشعبة من قبل الادراة يعني بطل للطالب قائمة
[9:39 PM, 9/15/2023] محمود كمال: ملاحظة
[9:39 PM, 9/15/2023] محمود كمال: الصف الاول ثانوي  بكون له تخصص علمي اديبي صناعي
[9:39 PM, 9/15/2023] محمود كمال: صف الثاني الثانوي  بكون له تخصص علمي اديبي صناعي
[9:39 PM, 9/15/2023] محمود كمال: يعني لما تعمل اضافة الصف بكون خيار تخصص اذا حط تخصص بقدر يضيف التخصص للصف
[9:39 PM, 9/15/2023] محمود كمال: وبعدين اقرء دول
